// !$*UTF8*$!
{
	archiveVersion = 1;
	classes = {
	};
	objectVersion = 55;
	objects = {

/* Begin PBXBuildFile section */
		BED5705F2788890900CBFD1D /* AppDelegate.swift in Sources */ = {isa = PBXBuildFile; fileRef = BED5705E2788890900CBFD1D /* AppDelegate.swift */; };
		BED570612788890900CBFD1D /* SceneDelegate.swift in Sources */ = {isa = PBXBuildFile; fileRef = BED570602788890900CBFD1D /* SceneDelegate.swift */; };
		BED570632788890900CBFD1D /* ViewController.swift in Sources */ = {isa = PBXBuildFile; fileRef = BED570622788890900CBFD1D /* ViewController.swift */; };
		BED570662788890900CBFD1D /* Main.storyboard in Resources */ = {isa = PBXBuildFile; fileRef = BED570642788890900CBFD1D /* Main.storyboard */; };
		BED570682788890A00CBFD1D /* Assets.xcassets in Resources */ = {isa = PBXBuildFile; fileRef = BED570672788890A00CBFD1D /* Assets.xcassets */; };
		BED5706B2788890A00CBFD1D /* LaunchScreen.storyboard in Resources */ = {isa = PBXBuildFile; fileRef = BED570692788890A00CBFD1D /* LaunchScreen.storyboard */; };
		BED5707827888F7500CBFD1D /* MyCollectionViewCell.swift in Sources */ = {isa = PBXBuildFile; fileRef = BED5707627888F7500CBFD1D /* MyCollectionViewCell.swift */; };
		BED5707927888F7500CBFD1D /* MyCollectionViewCell.xib in Resources */ = {isa = PBXBuildFile; fileRef = BED5707727888F7500CBFD1D /* MyCollectionViewCell.xib */; };
		BED5707B2788AB8C00CBFD1D /* imageViewController.swift in Sources */ = {isa = PBXBuildFile; fileRef = BED5707A2788AB8C00CBFD1D /* imageViewController.swift */; };
/* End PBXBuildFile section */

/* Begin PBXFileReference section */
		BED5705B2788890900CBFD1D /* LandmarkBookCollectionView.app */ = {isa = PBXFileReference; explicitFileType = wrapper.application; includeInIndex = 0; path = LandmarkBookCollectionView.app; sourceTree = BUILT_PRODUCTS_DIR; };
		BED5705E2788890900CBFD1D /* AppDelegate.swift */ = {isa = PBXFileReference; lastKnownFileType = sourcecode.swift; path = AppDelegate.swift; sourceTree = "<group>"; };
		BED570602788890900CBFD1D /* SceneDelegate.swift */ = {isa = PBXFileReference; lastKnownFileType = sourcecode.swift; path = SceneDelegate.swift; sourceTree = "<group>"; };
		BED570622788890900CBFD1D /* ViewController.swift */ = {isa = PBXFileReference; lastKnownFileType = sourcecode.swift; path = ViewController.swift; sourceTree = "<group>"; };
		BED570652788890900CBFD1D /* Base */ = {isa = PBXFileReference; lastKnownFileType = file.storyboard; name = Base; path = Base.lproj/Main.storyboard; sourceTree = "<group>"; };
		BED570672788890A00CBFD1D /* Assets.xcassets */ = {isa = PBXFileReference; lastKnownFileType = folder.assetcatalog; path = Assets.xcassets; sourceTree = "<group>"; };
		BED5706A2788890A00CBFD1D /* Base */ = {isa = PBXFileReference; lastKnownFileType = file.storyboard; name = Base; path = Base.lproj/LaunchScreen.storyboard; sourceTree = "<group>"; };
		BED5706C2788890A00CBFD1D /* Info.plist */ = {isa = PBXFileReference; lastKnownFileType = text.plist.xml; path = Info.plist; sourceTree = "<group>"; };
		BED5707627888F7500CBFD1D /* MyCollectionViewCell.swift */ = {isa = PBXFileReference; lastKnownFileType = sourcecode.swift; path = MyCollectionViewCell.swift; sourceTree = "<group>"; };
		BED5707727888F7500CBFD1D /* MyCollectionViewCell.xib */ = {isa = PBXFileReference; lastKnownFileType = file.xib; path = MyCollectionViewCell.xib; sourceTree = "<group>"; };
		BED5707A2788AB8C00CBFD1D /* imageViewController.swift */ = {isa = PBXFileReference; lastKnownFileType = sourcecode.swift; path = imageViewController.swift; sourceTree = "<group>"; };
/* End PBXFileReference section */

/* Begin PBXFrameworksBuildPhase section */
		BED570582788890900CBFD1D /* Frameworks */ = {
			isa = PBXFrameworksBuildPhase;
			buildActionMask = 2147483647;
			files = (
			);
			runOnlyForDeploymentPostprocessing = 0;
		};
/* End PBXFrameworksBuildPhase section */

/* Begin PBXGroup section */
		BED570522788890900CBFD1D = {
			isa = PBXGroup;
			children = (
				BED5705D2788890900CBFD1D /* LandmarkBookCollectionView */,
				BED5705C2788890900CBFD1D /* Products */,
			);
			sourceTree = "<group>";
		};
		BED5705C2788890900CBFD1D /* Products */ = {
			isa = PBXGroup;
			children = (
				BED5705B2788890900CBFD1D /* LandmarkBookCollectionView.app */,
			);
			name = Products;
			sourceTree = "<group>";
		};
		BED5705D2788890900CBFD1D /* LandmarkBookCollectionView */ = {
			isa = PBXGroup;
			children = (
				BED5705E2788890900CBFD1D /* AppDelegate.swift */,
				BED570602788890900CBFD1D /* SceneDelegate.swift */,
				BED570622788890900CBFD1D /* ViewController.swift */,
				BED570642788890900CBFD1D /* Main.storyboard */,
				BED570672788890A00CBFD1D /* Assets.xcassets */,
				BED570692788890A00CBFD1D /* LaunchScreen.storyboard */,
				BED5706C2788890A00CBFD1D /* Info.plist */,
				BED5707627888F7500CBFD1D /* MyCollectionViewCell.swift */,
				BED5707727888F7500CBFD1D /* MyCollectionViewCell.xib */,
				BED5707A2788AB8C00CBFD1D /* imageViewController.swift */,
			);
			path = LandmarkBookCollectionView;
			sourceTree = "<group>";
		};
/* End PBXGroup section */

/* Begin PBXNativeTarget section */
		BED5705A2788890900CBFD1D /* LandmarkBookCollectionView */ = {
			isa = PBXNativeTarget;
			buildConfigurationList = BED5706F2788890A00CBFD1D /* Build configuration list for PBXNativeTarget "LandmarkBookCollectionView" */;
			buildPhases = (
				BED570572788890900CBFD1D /* Sources */,
				BED570582788890900CBFD1D /* Frameworks */,
				BED570592788890900CBFD1D /* Resources */,
			);
			buildRules = (
			);
			dependencies = (
			);
			name = LandmarkBookCollectionView;
			productName = LandmarkBookCollectionView;
			productReference = BED5705B2788890900CBFD1D /* LandmarkBookCollectionView.app */;
			productType = "com.apple.product-type.application";
		};
/* End PBXNativeTarget section */

/* Begin PBXProject section */
		BED570532788890900CBFD1D /* Project object */ = {
			isa = PBXProject;
			attributes = {
				BuildIndependentTargetsInParallel = 1;
				LastSwiftUpdateCheck = 1320;
				LastUpgradeCheck = 1320;
				TargetAttributes = {
					BED5705A2788890900CBFD1D = {
						CreatedOnToolsVersion = 13.2.1;
					};
				};
			};
			buildConfigurationList = BED570562788890900CBFD1D /* Build configuration list for PBXProject "LandmarkBookCollectionView" */;
			compatibilityVersion = "Xcode 13.0";
			developmentRegion = en;
			hasScannedForEncodings = 0;
			knownRegions = (
				en,
				Base,
			);
			mainGroup = BED570522788890900CBFD1D;
			productRefGroup = BED5705C2788890900CBFD1D /* Products */;
			projectDirPath = "";
			projectRoot = "";
			targets = (
				BED5705A2788890900CBFD1D /* LandmarkBookCollectionView */,
			);
		};
/* End PBXProject section */

/* Begin PBXResourcesBuildPhase section */
		BED570592788890900CBFD1D /* Resources */ = {
			isa = PBXResourcesBuildPhase;
			buildActionMask = 2147483647;
			files = (
				BED5706B2788890A00CBFD1D /* LaunchScreen.storyboard in Resources */,
				BED570682788890A00CBFD1D /* Assets.xcassets in Resources */,
				BED5707927888F7500CBFD1D /* MyCollectionViewCell.xib in Resources */,
				BED570662788890900CBFD1D /* Main.storyboard in Resources */,
			);
			runOnlyForDeploymentPostprocessing = 0;
		};
/* End PBXResourcesBuildPhase section */

/* Begin PBXSourcesBuildPhase section */
		BED570572788890900CBFD1D /* Sources */ = {
			isa = PBXSourcesBuildPhase;
			buildActionMask = 2147483647;
			files = (
				BED570632788890900CBFD1D /* ViewController.swift in Sources */,
				BED5705F2788890900CBFD1D /* AppDelegate.swift in Sources */,
				BED5707827888F7500CBFD1D /* MyCollectionViewCell.swift in Sources */,
				BED5707B2788AB8C00CBFD1D /* imageViewController.swift in Sources */,
				BED570612788890900CBFD1D /* SceneDelegate.swift in Sources */,
			);
			runOnlyForDeploymentPostprocessing = 0;
		};
/* End PBXSourcesBuildPhase section */

/* Begin PBXVariantGroup section */
		BED570642788890900CBFD1D /* Main.storyboard */ = {
			isa = PBXVariantGroup;
			children = (
				BED570652788890900CBFD1D /* Base */,
			);
			name = Main.storyboard;
			sourceTree = "<group>";
		};
		BED570692788890A00CBFD1D /* LaunchScreen.storyboard */ = {
			isa = PBXVariantGroup;
			children = (
				BED5706A2788890A00CBFD1D /* Base */,
			);
			name = LaunchScreen.storyboard;
			sourceTree = "<group>";
		};
/* End PBXVariantGroup section */

/* Begin XCBuildConfiguration section */
		BED5706D2788890A00CBFD1D /* Debug */ = {
			isa = XCBuildConfiguration;
			buildSettings = {
				ALWAYS_SEARCH_USER_PATHS = NO;
				CLANG_ANALYZER_NONNULL = YES;
				CLANG_ANALYZER_NUMBER_OBJECT_CONVERSION = YES_AGGRESSIVE;
				CLANG_CXX_LANGUAGE_STANDARD = "gnu++17";
				CLANG_CXX_LIBRARY = "libc++";
				CLANG_ENABLE_MODULES = YES;
				CLANG_ENABLE_OBJC_ARC = YES;
				CLANG_ENABLE_OBJC_WEAK = YES;
				CLANG_WARN_BLOCK_CAPTURE_AUTORELEASING = YES;
				CLANG_WARN_BOOL_CONVERSION = YES;
				CLANG_WARN_COMMA = YES;
				CLANG_WARN_CONSTANT_CONVERSION = YES;
				CLANG_WARN_DEPRECATED_OBJC_IMPLEMENTATIONS = YES;
				CLANG_WARN_DIRECT_OBJC_ISA_USAGE = YES_ERROR;
				CLANG_WARN_DOCUMENTATION_COMMENTS = YES;
				CLANG_WARN_EMPTY_BODY = YES;
				CLANG_WARN_ENUM_CONVERSION = YES;
				CLANG_WARN_INFINITE_RECURSION = YES;
				CLANG_WARN_INT_CONVERSION = YES;
				CLANG_WARN_NON_LITERAL_NULL_CONVERSION = YES;
				CLANG_WARN_OBJC_IMPLICIT_RETAIN_SELF = YES;
				CLANG_WARN_OBJC_LITERAL_CONVERSION = YES;
				CLANG_WARN_OBJC_ROOT_CLASS = YES_ERROR;
				CLANG_WARN_QUOTED_INCLUDE_IN_FRAMEWORK_HEADER = YES;
				CLANG_WARN_RANGE_LOOP_ANALYSIS = YES;
				CLANG_WARN_STRICT_PROTOTYPES = YES;
				CLANG_WARN_SUSPICIOUS_MOVE = YES;
				CLANG_WARN_UNGUARDED_AVAILABILITY = YES_AGGRESSIVE;
				CLANG_WARN_UNREACHABLE_CODE = YES;
				CLANG_WARN__DUPLICATE_METHOD_MATCH = YES;
				COPY_PHASE_STRIP = NO;
				DEBUG_INFORMATION_FORMAT = dwarf;
				ENABLE_STRICT_OBJC_MSGSEND = YES;
				ENABLE_TESTABILITY = YES;
				GCC_C_LANGUAGE_STANDARD = gnu11;
				GCC_DYNAMIC_NO_PIC = NO;
				GCC_NO_COMMON_BLOCKS = YES;
				GCC_OPTIMIZATION_LEVEL = 0;
				GCC_PREPROCESSOR_DEFINITIONS = (
					"DEBUG=1",
					"$(inherited)",
				);
				GCC_WARN_64_TO_32_BIT_CONVERSION = YES;
				GCC_WARN_ABOUT_RETURN_TYPE = YES_ERROR;
				GCC_WARN_UNDECLARED_SELECTOR = YES;
				GCC_WARN_UNINITIALIZED_AUTOS = YES_AGGRESSIVE;
				GCC_WARN_UNUSED_FUNCTION = YES;
				GCC_WARN_UNUSED_VARIABLE = YES;
				IPHONEOS_DEPLOYMENT_TARGET = 15.2;
				MTL_ENABLE_DEBUG_INFO = INCLUDE_SOURCE;
				MTL_FAST_MATH = YES;
				ONLY_ACTIVE_ARCH = YES;
				SDKROOT = iphoneos;
				SWIFT_ACTIVE_COMPILATION_CONDITIONS = DEBUG;
				SWIFT_OPTIMIZATION_LEVEL = "-Onone";
			};
			name = Debug;
		};
		BED5706E2788890A00CBFD1D /* Release */ = {
			isa = XCBuildConfiguration;
			buildSettings = {
				ALWAYS_SEARCH_USER_PATHS = NO;
				CLANG_ANALYZER_NONNULL = YES;
				CLANG_ANALYZER_NUMBER_OBJECT_CONVERSION = YES_AGGRESSIVE;
				CLANG_CXX_LANGUAGE_STANDARD = "gnu++17";
				CLANG_CXX_LIBRARY = "libc++";
				CLANG_ENABLE_MODULES = YES;
				CLANG_ENABLE_OBJC_ARC = YES;
				CLANG_ENABLE_OBJC_WEAK = YES;
				CLANG_WARN_BLOCK_CAPTURE_AUTORELEASING = YES;
				CLANG_WARN_BOOL_CONVERSION = YES;
				CLANG_WARN_COMMA = YES;
				CLANG_WARN_CONSTANT_CONVERSION = YES;
				CLANG_WARN_DEPRECATED_OBJC_IMPLEMENTATIONS = YES;
				CLANG_WARN_DIRECT_OBJC_ISA_USAGE = YES_ERROR;
				CLANG_WARN_DOCUMENTATION_COMMENTS = YES;
				CLANG_WARN_EMPTY_BODY = YES;
				CLANG_WARN_ENUM_CONVERSION = YES;
				CLANG_WARN_INFINITE_RECURSION = YES;
				CLANG_WARN_INT_CONVERSION = YES;
				CLANG_WARN_NON_LITERAL_NULL_CONVERSION = YES;
				CLANG_WARN_OBJC_IMPLICIT_RETAIN_SELF = YES;
				CLANG_WARN_OBJC_LITERAL_CONVERSION = YES;
				CLANG_WARN_OBJC_ROOT_CLASS = YES_ERROR;
				CLANG_WARN_QUOTED_INCLUDE_IN_FRAMEWORK_HEADER = YES;
				CLANG_WARN_RANGE_LOOP_ANALYSIS = YES;
				CLANG_WARN_STRICT_PROTOTYPES = YES;
				CLANG_WARN_SUSPICIOUS_MOVE = YES;
				CLANG_WARN_UNGUARDED_AVAILABILITY = YES_AGGRESSIVE;
				CLANG_WARN_UNREACHABLE_CODE = YES;
				CLANG_WARN__DUPLICATE_METHOD_MATCH = YES;
				COPY_PHASE_STRIP = NO;
				DEBUG_INFORMATION_FORMAT = "dwarf-with-dsym";
				ENABLE_NS_ASSERTIONS = NO;
				ENABLE_STRICT_OBJC_MSGSEND = YES;
				GCC_C_LANGUAGE_STANDARD = gnu11;
				GCC_NO_COMMON_BLOCKS = YES;
				GCC_WARN_64_TO_32_BIT_CONVERSION = YES;
				GCC_WARN_ABOUT_RETURN_TYPE = YES_ERROR;
				GCC_WARN_UNDECLARED_SELECTOR = YES;
				GCC_WARN_UNINITIALIZED_AUTOS = YES_AGGRESSIVE;
				GCC_WARN_UNUSED_FUNCTION = YES;
				GCC_WARN_UNUSED_VARIABLE = YES;
				IPHONEOS_DEPLOYMENT_TARGET = 15.2;
				MTL_ENABLE_DEBUG_INFO = NO;
				MTL_FAST_MATH = YES;
				SDKROOT = iphoneos;
				SWIFT_COMPILATION_MODE = wholemodule;
				SWIFT_OPTIMIZATION_LEVEL = "-O";
				VALIDATE_PRODUCT = YES;
			};
			name = Release;
		};
		BED570702788890A00CBFD1D /* Debug */ = {
			isa = XCBuildConfiguration;
			buildSettings = {
				ASSETCATALOG_COMPILER_APPICON_NAME = AppIcon;
				ASSETCATALOG_COMPILER_GLOBAL_ACCENT_COLOR_NAME = AccentColor;
				CODE_SIGN_STYLE = Automatic;
				CURRENT_PROJECT_VERSION = 1;
				DEVELOPMENT_TEAM = NTY454HFMA;
				GENERATE_INFOPLIST_FILE = YES;
				INFOPLIST_FILE = LandmarkBookCollectionView/Info.plist;
				INFOPLIST_KEY_UIApplicationSupportsIndirectInputEvents = YES;
				INFOPLIST_KEY_UILaunchStoryboardName = LaunchScreen;
				INFOPLIST_KEY_UIMainStoryboardFile = Main;
				INFOPLIST_KEY_UISupportedInterfaceOrientations_iPad = "UIInterfaceOrientationPortrait UIInterfaceOrientationPortraitUpsideDown UIInterfaceOrientationLandscapeLeft UIInterfaceOrientationLandscapeRight";
				INFOPLIST_KEY_UISupportedInterfaceOrientations_iPhone = "UIInterfaceOrientationPortrait UIInterfaceOrientationLandscapeLeft UIInterfaceOrientationLandscapeRight";
				LD_RUNPATH_SEARCH_PATHS = (
					"$(inherited)",
					"@executable_path/Frameworks",
				);
				MARKETING_VERSION = 1.0;
				PRODUCT_BUNDLE_IDENTIFIER = com.onurcankurt.LandmarkBookCollectionView;
				PRODUCT_NAME = "$(TARGET_NAME)";
				SWIFT_EMIT_LOC_STRINGS = YES;
				SWIFT_VERSION = 5.0;
				TARGETED_DEVICE_FAMILY = "1,2";
			};
			name = Debug;
		};
		BED570712788890A00CBFD1D /* Release */ = {
			isa = XCBuildConfiguration;
			buildSettings = {
				ASSETCATALOG_COMPILER_APPICON_NAME = AppIcon;
				ASSETCATALOG_COMPILER_GLOBAL_ACCENT_COLOR_NAME = AccentColor;
				CODE_SIGN_STYLE = Automatic;
				CURRENT_PROJECT_VERSION = 1;
				DEVELOPMENT_TEAM = NTY454HFMA;
				GENERATE_INFOPLIST_FILE = YES;
				INFOPLIST_FILE = LandmarkBookCollectionView/Info.plist;
				INFOPLIST_KEY_UIApplicationSupportsIndirectInputEvents = YES;
				INFOPLIST_KEY_UILaunchStoryboardName = LaunchScreen;
				INFOPLIST_KEY_UIMainStoryboardFile = Main;
				INFOPLIST_KEY_UISupportedInterfaceOrientations_iPad = "UIInterfaceOrientationPortrait UIInterfaceOrientationPortraitUpsideDown UIInterfaceOrientationLandscapeLeft UIInterfaceOrientationLandscapeRight";
				INFOPLIST_KEY_UISupportedInterfaceOrientations_iPhone = "UIInterfaceOrientationPortrait UIInterfaceOrientationLandscapeLeft UIInterfaceOrientationLandscapeRight";
				LD_RUNPATH_SEARCH_PATHS = (
					"$(inherited)",
					"@executable_path/Frameworks",
				);
				MARKETING_VERSION = 1.0;
				PRODUCT_BUNDLE_IDENTIFIER = com.onurcankurt.LandmarkBookCollectionView;
				PRODUCT_NAME = "$(TARGET_NAME)";
				SWIFT_EMIT_LOC_STRINGS = YES;
				SWIFT_VERSION = 5.0;
				TARGETED_DEVICE_FAMILY = "1,2";
			};
			name = Release;
		};
/* End XCBuildConfiguration section */

/* Begin XCConfigurationList section */
		BED570562788890900CBFD1D /* Build configuration list for PBXProject "LandmarkBookCollectionView" */ = {
			isa = XCConfigurationList;
			buildConfigurations = (
				BED5706D2788890A00CBFD1D /* Debug */,
				BED5706E2788890A00CBFD1D /* Release */,
			);
			defaultConfigurationIsVisible = 0;
			defaultConfigurationName = Release;
		};
		BED5706F2788890A00CBFD1D /* Build configuration list for PBXNativeTarget "LandmarkBookCollectionView" */ = {
			isa = XCConfigurationList;
			buildConfigurations = (
				BED570702788890A00CBFD1D /* Debug */,
				BED570712788890A00CBFD1D /* Release */,
			);
			defaultConfigurationIsVisible = 0;
			defaultConfigurationName = Release;
		};
/* End XCConfigurationList section */
	};
	rootObject = BED570532788890900CBFD1D /* Project object */;
}
